<?xml version="1.0" encoding="utf-8"?>
<Project ToolsVersion="4.0" xmlns="http://schemas.microsoft.com/developer/msbuild/2003">
  <ItemGroup>
    <Filter Include="リソース ファイル">
      <UniqueIdentifier>{67DA6AB6-F800-4c08-8B7A-83BB121AAD01}</UniqueIdentifier>
      <Extensions>rc;ico;cur;bmp;dlg;rc2;rct;bin;rgs;gif;jpg;jpeg;jpe;resx;tiff;tif;png;wav;mfcribbon-ms</Extensions>
    </Filter>
    <Filter Include="Project">
      <UniqueIdentifier>{4FC737F1-C7A5-4376-A066-2A32D752A2FF}</UniqueIdentifier>
      <Extensions>cpp;c;cc;cxx;def;odl;idl;hpj;bat;asm;asmx</Extensions>
    </Filter>
    <Filter Include="Project\System">
      <UniqueIdentifier>{4087bcb2-c529-4cb8-ba8c-120fb16ac092}</UniqueIdentifier>
    </Filter>
    <Filter Include="Project\System\Texture">
      <UniqueIdentifier>{90c6daaa-814b-4473-b248-05b8759e17e1}</UniqueIdentifier>
    </Filter>
    <Filter Include="Project\System\DirectX">
      <UniqueIdentifier>{541d9bfd-82fa-4e97-a57b-8330d50981cb}</UniqueIdentifier>
    </Filter>
    <Filter Include="Project\System\DirectX\Input">
      <UniqueIdentifier>{267af59c-f58a-45d4-bbfc-77a2a474b724}</UniqueIdentifier>
    </Filter>
    <Filter Include="Project\Game">
      <UniqueIdentifier>{5866395f-2a8a-483f-990f-4aa1ddc1014d}</UniqueIdentifier>
    </Filter>
    <Filter Include="Project\Game\Scene">
      <UniqueIdentifier>{6cda7968-8104-473d-bc1e-7c45ea93d7b5}</UniqueIdentifier>
    </Filter>
    <Filter Include="Project\Game\Scene\Result">
      <UniqueIdentifier>{69320312-d4af-44f1-ab7f-01dd9c64468c}</UniqueIdentifier>
    </Filter>
    <Filter Include="Project\Game\Scene\Play">
      <UniqueIdentifier>{c8a74af1-e0c3-4137-bdbe-0db01a778c18}</UniqueIdentifier>
    </Filter>
    <Filter Include="Project\Game\Scene\Title">
      <UniqueIdentifier>{656fe80d-9a73-4a4b-97ad-4eb84e97b625}</UniqueIdentifier>
    </Filter>
    <Filter Include="Project\Game\Object">
      <UniqueIdentifier>{10e175df-893e-4c40-afa3-5bcf3c5263fe}</UniqueIdentifier>
    </Filter>
    <Filter Include="Project\Game\Object\Container">
      <UniqueIdentifier>{088ae080-abff-41aa-bc8d-904a4376e57b}</UniqueIdentifier>
    </Filter>
    <Filter Include="Project\Game\Object\Container\StarContainer">
      <UniqueIdentifier>{a043bb7c-3c25-4034-9c05-97a5c785ddb7}</UniqueIdentifier>
    </Filter>
    <Filter Include="Project\Game\Object\Task">
      <UniqueIdentifier>{f11f552b-e0df-4b26-993c-f716098789ba}</UniqueIdentifier>
    </Filter>
    <Filter Include="Project\Game\Object\Collision">
      <UniqueIdentifier>{d79af6f7-4414-4c49-99c2-63e7f80ab6f9}</UniqueIdentifier>
    </Filter>
    <Filter Include="Project\Game\Scene\Play\Game">
      <UniqueIdentifier>{6aee0cd5-190f-4049-b852-646871b1283e}</UniqueIdentifier>
    </Filter>
  </ItemGroup>
  <ItemGroup>
    <ClCompile Include="stdafx.cpp">
      <Filter>Project\System</Filter>
    </ClCompile>
    <ClCompile Include="main.cpp">
      <Filter>Project\System</Filter>
    </ClCompile>
    <ClCompile Include="texture.cpp">
      <Filter>Project\System\Texture</Filter>
    </ClCompile>
    <ClCompile Include="textureLoder.cpp">
      <Filter>Project\System\Texture</Filter>
    </ClCompile>
    <ClCompile Include="commonstates.cpp">
      <Filter>Project\System\DirectX</Filter>
    </ClCompile>
    <ClCompile Include="direct3d.cpp">
      <Filter>Project\System\DirectX</Filter>
    </ClCompile>
    <ClCompile Include="sprite.cpp">
      <Filter>Project\System\DirectX</Filter>
    </ClCompile>
    <ClCompile Include="pad.cpp">
      <Filter>Project\System\DirectX\Input</Filter>
    </ClCompile>
    <ClCompile Include="key.cpp">
      <Filter>Project\System\DirectX\Input</Filter>
    </ClCompile>
    <ClCompile Include="container.cpp">
      <Filter>Project\System\Texture</Filter>
    </ClCompile>
    <ClCompile Include="object_container_base.cpp">
      <Filter>Project\Game\Object\Container</Filter>
    </ClCompile>
    <ClCompile Include="star_container.cpp">
      <Filter>Project\Game\Object\Container\StarContainer</Filter>
    </ClCompile>
    <ClCompile Include="play.cpp">
      <Filter>Project\Game\Scene\Play</Filter>
    </ClCompile>
    <ClCompile Include="task_manager.cpp">
      <Filter>Project\Game\Object\Task</Filter>
    </ClCompile>
    <ClCompile Include="collision.cpp">
      <Filter>Project\Game\Object\Collision</Filter>
    </ClCompile>
    <ClCompile Include="title.cpp">
      <Filter>Project\Game\Scene\Title</Filter>
    </ClCompile>
    <ClCompile Include="game.cpp">
      <Filter>Project\Game\Scene\Play\Game</Filter>
    </ClCompile>
    <ClCompile Include="result.cpp">
      <Filter>Project\Game\Scene\Result</Filter>
    </ClCompile>
  </ItemGroup>
  <ItemGroup>
    <ClInclude Include="texture.h">
      <Filter>Project\System\Texture</Filter>
    </ClInclude>
    <ClInclude Include="textureLoder.h">
      <Filter>Project\System\Texture</Filter>
    </ClInclude>
    <ClInclude Include="commonstates.h">
      <Filter>Project\System\DirectX</Filter>
    </ClInclude>
    <ClInclude Include="direct3d.h">
      <Filter>Project\System\DirectX</Filter>
    </ClInclude>
    <ClInclude Include="sprite.h">
      <Filter>Project\System\DirectX</Filter>
    </ClInclude>
    <ClInclude Include="pad.h">
      <Filter>Project\System\DirectX\Input</Filter>
    </ClInclude>
    <ClInclude Include="key.h">
      <Filter>Project\System\DirectX\Input</Filter>
    </ClInclude>
    <ClInclude Include="stdafx.h">
      <Filter>Project\System</Filter>
    </ClInclude>
    <ClInclude Include="container.h">
      <Filter>Project\System\Texture</Filter>
    </ClInclude>
    <ClInclude Include="release.h">
      <Filter>Project\System</Filter>
    </ClInclude>
    <ClInclude Include="object_base.h">
      <Filter>Project\Game\Object</Filter>
    </ClInclude>
    <ClInclude Include="scene_base.h">
      <Filter>Project\Game\Scene</Filter>
    </ClInclude>
    <ClInclude Include="object_container_base.h">
      <Filter>Project\Game\Object\Container</Filter>
    </ClInclude>
    <ClInclude Include="collision.h">
      <Filter>Project\Game\Object\Collision</Filter>
    </ClInclude>
    <ClInclude Include="calc.h">
      <Filter>Project\System</Filter>
    </ClInclude>
    <ClInclude Include="play.h">
      <Filter>Project\Game\Scene\Play</Filter>
    </ClInclude>
    <ClInclude Include="task_manager.h">
      <Filter>Project\Game\Object\Task</Filter>
    </ClInclude>
    <ClInclude Include="star_container.h">
      <Filter>Project\Game\Object\Container\StarContainer</Filter>
    </ClInclude>
    <ClInclude Include="star_container.h" />
    <ClInclude Include="game.h">
      <Filter>Project\Game\Scene\Play\Game</Filter>
    </ClInclude>
    <ClInclude Include="title.h">
      <Filter>Project\Game\Scene\Title</Filter>
    </ClInclude>
    <ClInclude Include="result.h">
      <Filter>Project\Game\Scene\Result</Filter>
    </ClInclude>
  </ItemGroup>
  <ItemGroup>
    <None Include="packages.config" />
  </ItemGroup>
</Project>