<?xml version="1.0" encoding="utf-8"?>
<Project ToolsVersion="4.0" xmlns="http://schemas.microsoft.com/developer/msbuild/2003">
  <ItemGroup>
    <Filter Include="リソース ファイル">
      <UniqueIdentifier>{67DA6AB6-F800-4c08-8B7A-83BB121AAD01}</UniqueIdentifier>
      <Extensions>rc;ico;cur;bmp;dlg;rc2;rct;bin;rgs;gif;jpg;jpeg;jpe;resx;tiff;tif;png;wav;mfcribbon-ms</Extensions>
    </Filter>
    <Filter Include="Project">
      <UniqueIdentifier>{4FC737F1-C7A5-4376-A066-2A32D752A2FF}</UniqueIdentifier>
      <Extensions>cpp;c;cc;cxx;def;odl;idl;hpj;bat;asm;asmx</Extensions>
    </Filter>
    <Filter Include="Project\System">
      <UniqueIdentifier>{4087bcb2-c529-4cb8-ba8c-120fb16ac092}</UniqueIdentifier>
    </Filter>
    <Filter Include="Project\System\Texture">
      <UniqueIdentifier>{90c6daaa-814b-4473-b248-05b8759e17e1}</UniqueIdentifier>
    </Filter>
    <Filter Include="Project\System\DirectX">
      <UniqueIdentifier>{541d9bfd-82fa-4e97-a57b-8330d50981cb}</UniqueIdentifier>
    </Filter>
    <Filter Include="Project\System\DirectX\Input">
      <UniqueIdentifier>{267af59c-f58a-45d4-bbfc-77a2a474b724}</UniqueIdentifier>
    </Filter>
    <Filter Include="Project\Game">
      <UniqueIdentifier>{5866395f-2a8a-483f-990f-4aa1ddc1014d}</UniqueIdentifier>
    </Filter>
    <Filter Include="Project\Game\Scene">
      <UniqueIdentifier>{6cda7968-8104-473d-bc1e-7c45ea93d7b5}</UniqueIdentifier>
    </Filter>
    <Filter Include="Project\Game\Scene\Title">
      <UniqueIdentifier>{656fe80d-9a73-4a4b-97ad-4eb84e97b625}</UniqueIdentifier>
    </Filter>
    <Filter Include="Project\Game\Object">
      <UniqueIdentifier>{10e175df-893e-4c40-afa3-5bcf3c5263fe}</UniqueIdentifier>
    </Filter>
    <Filter Include="Project\Game\Scene\Game">
      <UniqueIdentifier>{6aee0cd5-190f-4049-b852-646871b1283e}</UniqueIdentifier>
    </Filter>
    <Filter Include="Project\Game\Object\Star">
      <UniqueIdentifier>{6077d559-fc44-4455-8c90-88003bb4b2ca}</UniqueIdentifier>
    </Filter>
    <Filter Include="Project\Game\Object\Player">
      <UniqueIdentifier>{bdc47e3a-dc83-430b-bfef-3d4be8a2fc4f}</UniqueIdentifier>
    </Filter>
    <Filter Include="Project\Game\Object\Wall">
      <UniqueIdentifier>{cef62833-c4f3-4115-a77e-4bf76353b882}</UniqueIdentifier>
    </Filter>
    <Filter Include="Project\Game\Object\Particle">
      <UniqueIdentifier>{41c1f148-516b-425b-911d-cad1ad677457}</UniqueIdentifier>
    </Filter>
    <Filter Include="Project\Game\Scene\Endless">
      <UniqueIdentifier>{c8a74af1-e0c3-4137-bdbe-0db01a778c18}</UniqueIdentifier>
    </Filter>
    <Filter Include="Project\Game\Object\Particle\Nomal">
      <UniqueIdentifier>{d46929fe-6c78-433d-9067-c07968918c32}</UniqueIdentifier>
    </Filter>
    <Filter Include="Project\Game\Object\Particle\Ground">
      <UniqueIdentifier>{cde7dbaf-538f-46d4-a830-2646d8621fa5}</UniqueIdentifier>
    </Filter>
    <Filter Include="Project\Game\Object\Background">
      <UniqueIdentifier>{0e1baea5-e6b7-4473-8ea1-fc6781b3dc55}</UniqueIdentifier>
    </Filter>
    <Filter Include="Project\Game\Object\UI">
      <UniqueIdentifier>{2fc35952-74df-4892-a04b-6e9bab38694c}</UniqueIdentifier>
    </Filter>
    <Filter Include="Project\Game\Object\Particle\FreeFall">
      <UniqueIdentifier>{419f758f-e517-4824-b0a6-fb899780d545}</UniqueIdentifier>
    </Filter>
    <Filter Include="Project\Game\Object\Particle\Stay">
      <UniqueIdentifier>{567c1266-7f5e-4580-8d2e-1786cce9a3e5}</UniqueIdentifier>
    </Filter>
    <Filter Include="Project\Game\Object\TitleObj">
      <UniqueIdentifier>{ba692143-526d-47e7-b53a-83a69d9f2881}</UniqueIdentifier>
    </Filter>
    <Filter Include="Project\Game\Scene\Ranking">
      <UniqueIdentifier>{dc5a65bf-c0f7-4f4d-bfa6-97881e2e6b1c}</UniqueIdentifier>
    </Filter>
    <Filter Include="Project\Game\Object\UI\Pause">
      <UniqueIdentifier>{ca5e6288-5a78-4c62-8ef1-db59f28d734c}</UniqueIdentifier>
    </Filter>
    <Filter Include="Project\Game\Scene\Battle">
      <UniqueIdentifier>{c8faea38-69f3-4933-9bb6-74102db013c5}</UniqueIdentifier>
    </Filter>
    <Filter Include="Project\Game\Object\Sercher">
      <UniqueIdentifier>{b1dbc8ed-691d-4992-8e8f-c503742b8b2e}</UniqueIdentifier>
    </Filter>
    <Filter Include="Project\Game\Object\BonusIcon">
      <UniqueIdentifier>{3f549ffe-f27c-4d5f-afd0-46dfc1347a80}</UniqueIdentifier>
    </Filter>
    <Filter Include="Project\Game\Object\AI">
      <UniqueIdentifier>{3b985f52-44b6-4497-b39f-4575806744cc}</UniqueIdentifier>
    </Filter>
    <Filter Include="Project\Game\Scene\Demo">
      <UniqueIdentifier>{03c701d8-5d1b-4862-81e4-22e99968f370}</UniqueIdentifier>
    </Filter>
    <Filter Include="Project\Game\Scene\Result">
      <UniqueIdentifier>{69320312-d4af-44f1-ab7f-01dd9c64468c}</UniqueIdentifier>
    </Filter>
    <Filter Include="Project\Game\Others">
      <UniqueIdentifier>{583b3209-771a-4518-a699-11345f16cc1f}</UniqueIdentifier>
    </Filter>
    <Filter Include="Project\Game\Others\easing">
      <UniqueIdentifier>{034a96b2-fc3c-4c8d-8a89-81d926b23016}</UniqueIdentifier>
    </Filter>
    <Filter Include="Project\Game\Others\CSV">
      <UniqueIdentifier>{4bf1c498-63e0-42dd-9d69-4fbfe2d2b485}</UniqueIdentifier>
    </Filter>
    <Filter Include="Project\Game\Others\sound">
      <UniqueIdentifier>{7dc47c95-be4d-4a4e-9560-aefe63f00826}</UniqueIdentifier>
    </Filter>
    <Filter Include="Project\Game\Others\Scoring">
      <UniqueIdentifier>{c77d9a66-d3a9-4e68-9f17-51b399b14b3b}</UniqueIdentifier>
    </Filter>
    <Filter Include="Project\Game\Others\Time">
      <UniqueIdentifier>{079fb69a-dfa5-4512-abe7-0883d4743ac9}</UniqueIdentifier>
    </Filter>
    <Filter Include="Project\Game\Others\Collision">
      <UniqueIdentifier>{d79af6f7-4414-4c49-99c2-63e7f80ab6f9}</UniqueIdentifier>
    </Filter>
    <Filter Include="Project\Game\Others\TaskManager">
      <UniqueIdentifier>{f11f552b-e0df-4b26-993c-f716098789ba}</UniqueIdentifier>
    </Filter>
    <Filter Include="Project\Game\Others\RankingManager">
      <UniqueIdentifier>{dae19ff1-6db2-4d7e-9dc6-eec608c35180}</UniqueIdentifier>
    </Filter>
    <Filter Include="Project\Game\Others\Space">
      <UniqueIdentifier>{15db0afd-e5fc-4603-a616-b10961066151}</UniqueIdentifier>
    </Filter>
    <Filter Include="Project\Game\Others\Text">
      <UniqueIdentifier>{b0f22c7b-e10c-473f-818c-e0a4a1125dd7}</UniqueIdentifier>
    </Filter>
    <Filter Include="Project\Game\Object\UI\Progress">
      <UniqueIdentifier>{d7f45e5a-af2a-4b0d-b1b4-7daee73bbb74}</UniqueIdentifier>
    </Filter>
    <Filter Include="Project\Game\Object\FailWall">
      <UniqueIdentifier>{2d412ce3-062b-49a0-b261-e5fe6c4967fd}</UniqueIdentifier>
    </Filter>
    <Filter Include="Project\Game\Scene\StageMode">
      <UniqueIdentifier>{ffa0e868-3c0c-4895-b655-086a255e9dfb}</UniqueIdentifier>
    </Filter>
  </ItemGroup>
  <ItemGroup>
    <ClCompile Include="stdafx.cpp">
      <Filter>Project\System</Filter>
    </ClCompile>
    <ClCompile Include="main.cpp">
      <Filter>Project\System</Filter>
    </ClCompile>
    <ClCompile Include="texture.cpp">
      <Filter>Project\System\Texture</Filter>
    </ClCompile>
    <ClCompile Include="textureLoder.cpp">
      <Filter>Project\System\Texture</Filter>
    </ClCompile>
    <ClCompile Include="commonstates.cpp">
      <Filter>Project\System\DirectX</Filter>
    </ClCompile>
    <ClCompile Include="direct3d.cpp">
      <Filter>Project\System\DirectX</Filter>
    </ClCompile>
    <ClCompile Include="pad.cpp">
      <Filter>Project\System\DirectX\Input</Filter>
    </ClCompile>
    <ClCompile Include="key.cpp">
      <Filter>Project\System\DirectX\Input</Filter>
    </ClCompile>
    <ClCompile Include="container.cpp">
      <Filter>Project\System\Texture</Filter>
    </ClCompile>
    <ClCompile Include="task_manager.cpp">
      <Filter>Project\Game\Others\TaskManager</Filter>
    </ClCompile>
    <ClCompile Include="collision.cpp">
      <Filter>Project\Game\Others\Collision</Filter>
    </ClCompile>
    <ClCompile Include="title.cpp">
      <Filter>Project\Game\Scene\Title</Filter>
    </ClCompile>
    <ClCompile Include="game.cpp">
      <Filter>Project\Game\Scene\Game</Filter>
    </ClCompile>
    <ClCompile Include="result.cpp">
      <Filter>Project\Game\Scene\Result</Filter>
    </ClCompile>
    <ClCompile Include="star.cpp">
      <Filter>Project\Game\Object\Star</Filter>
    </ClCompile>
    <ClCompile Include="player.cpp">
      <Filter>Project\Game\Object\Player</Filter>
    </ClCompile>
    <ClCompile Include="wall.cpp">
      <Filter>Project\Game\Object\Wall</Filter>
    </ClCompile>
    <ClCompile Include="endless.cpp">
      <Filter>Project\Game\Scene\Endless</Filter>
    </ClCompile>
    <ClCompile Include="star_container.cpp">
      <Filter>Project\Game\Object\Star</Filter>
    </ClCompile>
    <ClCompile Include="easing.cpp">
      <Filter>Project\Game\Others\easing</Filter>
    </ClCompile>
    <ClCompile Include="particle.cpp">
      <Filter>Project\Game\Object\Particle\Nomal</Filter>
    </ClCompile>
    <ClCompile Include="particle_container.cpp">
      <Filter>Project\Game\Object\Particle\Nomal</Filter>
    </ClCompile>
    <ClCompile Include="groundparticle_container.cpp">
      <Filter>Project\Game\Object\Particle\Ground</Filter>
    </ClCompile>
    <ClCompile Include="groundParticle.cpp">
      <Filter>Project\Game\Object\Particle\Ground</Filter>
    </ClCompile>
    <ClCompile Include="freeFallParticle.cpp">
      <Filter>Project\Game\Object\Particle\FreeFall</Filter>
    </ClCompile>
    <ClCompile Include="freeFallParticle_container.cpp">
      <Filter>Project\Game\Object\Particle\FreeFall</Filter>
    </ClCompile>
    <ClCompile Include="csvLoader.cpp">
      <Filter>Project\Game\Others\CSV</Filter>
    </ClCompile>
    <ClCompile Include="scoring.cpp">
      <Filter>Project\Game\Others\Scoring</Filter>
    </ClCompile>
    <ClCompile Include="stay_particle.cpp">
      <Filter>Project\Game\Object\Particle\Stay</Filter>
    </ClCompile>
    <ClCompile Include="stay_particle_container.cpp">
      <Filter>Project\Game\Object\Particle\Stay</Filter>
    </ClCompile>
    <ClCompile Include="timer.cpp">
      <Filter>Project\Game\Others\Time</Filter>
    </ClCompile>
    <ClCompile Include="ranking_in_endless.cpp">
      <Filter>Project\Game\Object\UI</Filter>
    </ClCompile>
    <ClCompile Include="text.cpp">
      <Filter>Project\Game\Others\Text</Filter>
    </ClCompile>
    <ClCompile Include="title_object.cpp">
      <Filter>Project\Game\Object\TitleObj</Filter>
    </ClCompile>
    <ClCompile Include="ranking.cpp">
      <Filter>Project\Game\Scene\Ranking</Filter>
    </ClCompile>
    <ClCompile Include="pause.cpp">
      <Filter>Project\Game\Object\UI\Pause</Filter>
    </ClCompile>
    <ClCompile Include="score_number.cpp">
      <Filter>Project\Game\Others\Scoring</Filter>
    </ClCompile>
    <ClCompile Include="Sound.cpp">
      <Filter>Project\Game\Others\sound</Filter>
    </ClCompile>
    <ClCompile Include="ranking_manager.cpp">
      <Filter>Project\Game\Others\RankingManager</Filter>
    </ClCompile>
    <ClCompile Include="battle.cpp">
      <Filter>Project\Game\Scene\Battle</Filter>
    </ClCompile>
    <ClCompile Include="space.cpp">
      <Filter>Project\Game\Others\Space</Filter>
    </ClCompile>
    <ClCompile Include="sercher.cpp">
      <Filter>Project\Game\Object\Sercher</Filter>
    </ClCompile>
    <ClCompile Include="bonus_icon.cpp">
      <Filter>Project\Game\Object\BonusIcon</Filter>
    </ClCompile>
    <ClCompile Include="ai_base.cpp">
      <Filter>Project\Game\Object\AI</Filter>
    </ClCompile>
    <ClCompile Include="fail_wall.cpp">
      <Filter>Project\Game\Object\FailWall</Filter>
    </ClCompile>
    <ClCompile Include="demo.cpp">
      <Filter>Project\Game\Scene\Demo</Filter>
    </ClCompile>
    <ClCompile Include="sprite.cpp">
      <Filter>Project\System\DirectX</Filter>
    </ClCompile>
    <ClCompile Include="background.cpp">
      <Filter>Project\Game\Object\Background</Filter>
    </ClCompile>
    <ClCompile Include="view_wave.cpp">
      <Filter>Project\Game\Object\Background</Filter>
    </ClCompile>
    <ClCompile Include="view_star_mini.cpp">
      <Filter>Project\Game\Object\Background</Filter>
    </ClCompile>
    <ClCompile Include="view_star_big.cpp">
      <Filter>Project\Game\Object\Background</Filter>
    </ClCompile>
    <ClCompile Include="view_mist.cpp">
      <Filter>Project\Game\Object\Background</Filter>
    </ClCompile>
    <ClCompile Include="ai_demo.cpp">
      <Filter>Project\Game\Object\AI</Filter>
    </ClCompile>
    <ClCompile Include="progress.cpp">
      <Filter>Project\Game\Object\UI\Progress</Filter>
    </ClCompile>
    <ClCompile Include="progress_player.cpp">
      <Filter>Project\Game\Object\UI\Progress</Filter>
    </ClCompile>
    <ClCompile Include="progress_fail_wall.cpp">
      <Filter>Project\Game\Object\UI\Progress</Filter>
    </ClCompile>
    <ClCompile Include="progress_stage.cpp">
      <Filter>Project\Game\Object\UI\Progress</Filter>
    </ClCompile>
    <ClCompile Include="dinput.cpp">
      <Filter>Project\System\DirectX\Input</Filter>
    </ClCompile>
    <ClCompile Include="band.cpp">
      <Filter>Project</Filter>
    </ClCompile>
    <ClCompile Include="stage_select.cpp">
      <Filter>Project\Game\Scene\StageMode</Filter>
    </ClCompile>
    <ClCompile Include="stage_play.cpp">
      <Filter>Project\Game\Scene\StageMode</Filter>
    </ClCompile>
    <ClCompile Include="stage.cpp">
      <Filter>Project\Game\Scene\StageMode</Filter>
    </ClCompile>
    <ClCompile Include="stage_result.cpp">
      <Filter>Project\Game\Scene\StageMode</Filter>
    </ClCompile>
  </ItemGroup>
  <ItemGroup>
    <ClInclude Include="texture.h">
      <Filter>Project\System\Texture</Filter>
    </ClInclude>
    <ClInclude Include="textureLoder.h">
      <Filter>Project\System\Texture</Filter>
    </ClInclude>
    <ClInclude Include="commonstates.h">
      <Filter>Project\System\DirectX</Filter>
    </ClInclude>
    <ClInclude Include="direct3d.h">
      <Filter>Project\System\DirectX</Filter>
    </ClInclude>
    <ClInclude Include="pad.h">
      <Filter>Project\System\DirectX\Input</Filter>
    </ClInclude>
    <ClInclude Include="key.h">
      <Filter>Project\System\DirectX\Input</Filter>
    </ClInclude>
    <ClInclude Include="stdafx.h">
      <Filter>Project\System</Filter>
    </ClInclude>
    <ClInclude Include="container.h">
      <Filter>Project\System\Texture</Filter>
    </ClInclude>
    <ClInclude Include="release.h">
      <Filter>Project\System</Filter>
    </ClInclude>
    <ClInclude Include="collision.h">
      <Filter>Project\Game\Others\Collision</Filter>
    </ClInclude>
    <ClInclude Include="calc.h">
      <Filter>Project\System</Filter>
    </ClInclude>
    <ClInclude Include="task_manager.h">
      <Filter>Project\Game\Others\TaskManager</Filter>
    </ClInclude>
    <ClInclude Include="game.h">
      <Filter>Project\Game\Scene\Game</Filter>
    </ClInclude>
    <ClInclude Include="title.h">
      <Filter>Project\Game\Scene\Title</Filter>
    </ClInclude>
    <ClInclude Include="result.h">
      <Filter>Project\Game\Scene\Result</Filter>
    </ClInclude>
    <ClInclude Include="star.h">
      <Filter>Project\Game\Object\Star</Filter>
    </ClInclude>
    <ClInclude Include="shape.h" />
    <ClInclude Include="player.h">
      <Filter>Project\Game\Object\Player</Filter>
    </ClInclude>
    <ClInclude Include="wall.h">
      <Filter>Project\Game\Object\Wall</Filter>
    </ClInclude>
    <ClInclude Include="endless.h">
      <Filter>Project\Game\Scene\Endless</Filter>
    </ClInclude>
    <ClInclude Include="easing.h">
      <Filter>Project\Game\Others\easing</Filter>
    </ClInclude>
    <ClInclude Include="star_container.h">
      <Filter>Project\Game\Object\Star</Filter>
    </ClInclude>
    <ClInclude Include="object_container_base.h">
      <Filter>Project\Game\Object</Filter>
    </ClInclude>
    <ClInclude Include="particle.h">
      <Filter>Project\Game\Object\Particle\Nomal</Filter>
    </ClInclude>
    <ClInclude Include="particle_containerr.h">
      <Filter>Project\Game\Object\Particle\Nomal</Filter>
    </ClInclude>
    <ClInclude Include="star_container.h">
      <Filter>Project\Game\Object\Star</Filter>
    </ClInclude>
    <ClInclude Include="resource.h" />
    <ClInclude Include="groundParticle.h">
      <Filter>Project\Game\Object\Particle\Ground</Filter>
    </ClInclude>
    <ClInclude Include="groundParticle_container.h">
      <Filter>Project\Game\Object\Particle\Ground</Filter>
    </ClInclude>
    <ClInclude Include="freeFallParticle.h">
      <Filter>Project\Game\Object\Particle\FreeFall</Filter>
    </ClInclude>
    <ClInclude Include="freeFallParticle_container.h">
      <Filter>Project\Game\Object\Particle\FreeFall</Filter>
    </ClInclude>
    <ClInclude Include="csvLoader.h">
      <Filter>Project\Game\Others\CSV</Filter>
    </ClInclude>
    <ClInclude Include="csvLoader.h">
      <Filter>Project\Game\Others\CSV</Filter>
    </ClInclude>
    <ClInclude Include="scoring.h">
      <Filter>Project\Game\Others\Scoring</Filter>
    </ClInclude>
    <ClInclude Include="ranking_in_endless.h">
      <Filter>Project\Game\Object\UI</Filter>
    </ClInclude>
    <ClInclude Include="timer.h">
      <Filter>Project\Game\Others\Time</Filter>
    </ClInclude>
    <ClInclude Include="stay_particle.h">
      <Filter>Project\Game\Object\Particle\Stay</Filter>
    </ClInclude>
    <ClInclude Include="stay_particle_container.h">
      <Filter>Project\Game\Object\Particle\Stay</Filter>
    </ClInclude>
    <ClInclude Include="text.h">
      <Filter>Project\Game\Others\Text</Filter>
    </ClInclude>
    <ClInclude Include="title_object.h">
      <Filter>Project\Game\Object\TitleObj</Filter>
    </ClInclude>
    <ClInclude Include="ranking.h">
      <Filter>Project\Game\Scene\Ranking</Filter>
    </ClInclude>
    <ClInclude Include="pause.h">
      <Filter>Project\Game\Object\UI\Pause</Filter>
    </ClInclude>
    <ClInclude Include="score_number.h">
      <Filter>Project\Game\Others\Scoring</Filter>
    </ClInclude>
    <ClInclude Include="Sound.h">
      <Filter>Project\Game\Others\sound</Filter>
    </ClInclude>
    <ClInclude Include="Sound\xwb.h">
      <Filter>Project\Game\Others\sound</Filter>
    </ClInclude>
    <ClInclude Include="ranking_manager.h">
      <Filter>Project\Game\Others\RankingManager</Filter>
    </ClInclude>
    <ClInclude Include="battle.h">
      <Filter>Project\Game\Scene\Battle</Filter>
    </ClInclude>
    <ClInclude Include="scene_base.h">
      <Filter>Project\Game\Scene</Filter>
    </ClInclude>
    <ClInclude Include="space.h">
      <Filter>Project\Game\Others\Space</Filter>
    </ClInclude>
    <ClInclude Include="sercher.h">
      <Filter>Project\Game\Object\Sercher</Filter>
    </ClInclude>
    <ClInclude Include="bonus_icon.h">
      <Filter>Project\Game\Object\BonusIcon</Filter>
    </ClInclude>
    <ClInclude Include="ai_base.h">
      <Filter>Project\Game\Object\AI</Filter>
    </ClInclude>
    <ClInclude Include="fail_wall.h">
      <Filter>Project\Game\Object\FailWall</Filter>
    </ClInclude>
    <ClInclude Include="demo.h">
      <Filter>Project\Game\Scene\Demo</Filter>
    </ClInclude>
    <ClInclude Include="sprite.h">
      <Filter>Project\System\DirectX</Filter>
    </ClInclude>
    <ClInclude Include="background.h">
      <Filter>Project\Game\Object\Background</Filter>
    </ClInclude>
    <ClInclude Include="back_object_base.h">
      <Filter>Project\Game\Object\Background</Filter>
    </ClInclude>
    <ClInclude Include="object_base.h">
      <Filter>Project\Game\Object</Filter>
    </ClInclude>
    <ClInclude Include="view_mist.h">
      <Filter>Project\Game\Object\Background</Filter>
    </ClInclude>
    <ClInclude Include="view_star_mini.h">
      <Filter>Project\Game\Object\Background</Filter>
    </ClInclude>
    <ClInclude Include="view_wave.h">
      <Filter>Project\Game\Object\Background</Filter>
    </ClInclude>
    <ClInclude Include="view_star_big.h">
      <Filter>Project\Game\Object\Background</Filter>
    </ClInclude>
    <ClInclude Include="ai_demo.h">
      <Filter>Project\Game\Object\AI</Filter>
    </ClInclude>
    <ClInclude Include="progress.h">
      <Filter>Project\Game\Object\UI\Progress</Filter>
    </ClInclude>
    <ClInclude Include="progress_player.h">
      <Filter>Project\Game\Object\UI\Progress</Filter>
    </ClInclude>
    <ClInclude Include="progress_fail_wall.h">
      <Filter>Project\Game\Object\UI\Progress</Filter>
    </ClInclude>
    <ClInclude Include="progress_stage.h">
      <Filter>Project\Game\Object\UI\Progress</Filter>
    </ClInclude>
    <ClInclude Include="dinput.h">
      <Filter>Project\System\DirectX\Input</Filter>
    </ClInclude>
    <ClInclude Include="band.h" />
    <ClInclude Include="stage_select.h">
      <Filter>Project\Game\Scene\StageMode</Filter>
    </ClInclude>
    <ClInclude Include="stage_play.h">
      <Filter>Project\Game\Scene\StageMode</Filter>
    </ClInclude>
    <ClInclude Include="stage_result.h">
      <Filter>Project\Game\Scene\StageMode</Filter>
    </ClInclude>
    <ClInclude Include="stage_data.h">
      <Filter>Project\Game\Scene\StageMode</Filter>
    </ClInclude>
    <ClInclude Include="stage.h">
      <Filter>Project\Game\Scene\StageMode</Filter>
    </ClInclude>
    <ClInclude Include="stage_name.h">
      <Filter>Project\Game\Scene\StageMode</Filter>
    </ClInclude>
  </ItemGroup>
  <ItemGroup>
    <None Include="packages.config" />
  </ItemGroup>
  <ItemGroup>
    <ResourceCompile Include="TOBE！SURAIMU.rc">
      <Filter>リソース ファイル</Filter>
    </ResourceCompile>
  </ItemGroup>
  <ItemGroup>
    <Image Include="Texture\Icon\SRASPITA_icon.ico">
      <Filter>リソース ファイル</Filter>
    </Image>
  </ItemGroup>
</Project>